<?xml version="1.0" encoding="utf-8"?>
<Project ToolsVersion="4.0" xmlns="http://schemas.microsoft.com/developer/msbuild/2003">
  <ItemGroup>
    <ClCompile Include="src\pch.cpp" />
    <ClCompile Include="src\core\UIElement.cpp">
      <Filter>core</Filter>
    </ClCompile>
    <ClCompile Include="src\core\SDLSkiaWindow.cpp">
      <Filter>core</Filter>
    </ClCompile>
    <ClCompile Include="src\controls\Button.cpp">
      <Filter>controls</Filter>
    </ClCompile>
    <ClCompile Include="src\controls\InfiniteCanvas.cpp">
      <Filter>controls</Filter>
    </ClCompile>
    <ClCompile Include="src\core\Functions.cpp">
      <Filter>core</Filter>
    </ClCompile>
    <ClCompile Include="src\controls\texteditor\Editor.cpp" />
    <ClCompile Include="src\controls\texteditor\EditorDoc.cpp" />
    <ClCompile Include="src\controls\texteditor\EditorView.cpp" />
    <ClCompile Include="src\controls\texteditor\shape.cpp" />
    <ClCompile Include="src\controls\texteditor\TextBuffer.cpp" />
    <ClCompile Include="src\controls\texteditor\UndoRedo.cpp" />
    <ClCompile Include="src\controls\texteditor\utf8_helpers.cpp" />
    <ClCompile Include="src\controls\texteditor\word_boundaries.cpp" />
    <ClCompile Include="src\resources\miniz.c" />
    <ClCompile Include="src\resources\Resources.cpp" />
    <ClCompile Include="src\resources\Zip.cpp" />
    <ClCompile Include="src\core\UIArea.cpp" />
    <ClCompile Include="src\core\SplittableArea.cpp" />
    <ClCompile Include="src\core\SDLSkiaApp.cpp" />
    <ClCompile Include="src\core\LayeredArea.cpp" />
  </ItemGroup>
  <ItemGroup>
    <ClInclude Include="src\Fps.h" />
    <ClInclude Include="src\pch.h" />
    <ClInclude Include="src\core\UIElement.h">
      <Filter>core</Filter>
    </ClInclude>
    <ClInclude Include="src\core\SDLSkiaWindow.h">
      <Filter>core</Filter>
    </ClInclude>
    <ClInclude Include="src\controls\Button.h">
      <Filter>controls</Filter>
    </ClInclude>
    <ClInclude Include="src\controls\InfiniteCanvas.h">
      <Filter>controls</Filter>
    </ClInclude>
    <ClInclude Include="src\core\Functions.h">
      <Filter>core</Filter>
    </ClInclude>
    <ClInclude Include="src\controls\texteditor\Editor.h" />
    <ClInclude Include="src\controls\texteditor\EditorDoc.h" />
    <ClInclude Include="src\controls\texteditor\EditorView.h" />
    <ClInclude Include="src\controls\texteditor\shape.h" />
    <ClInclude Include="src\controls\texteditor\TextBuffer.h" />
    <ClInclude Include="src\controls\texteditor\TextSpan.h" />
    <ClInclude Include="src\controls\texteditor\UndoRedo.h" />
    <ClInclude Include="src\controls\texteditor\utf8_helpers.h" />
    <ClInclude Include="src\controls\texteditor\word_boundaries.h" />
    <ClInclude Include="src\resources\miniz.h" />
    <ClInclude Include="src\resources\Resources.h" />
    <ClInclude Include="src\resources\Zip.h" />
    <ClInclude Include="src\core\UIArea.h" />
    <ClInclude Include="src\core\SplittableArea.h" />
    <ClInclude Include="src\core\SDLSkiaApp.h" />
    <ClInclude Include="src\core\LayeredArea.h" />
  </ItemGroup>
  <ItemGroup>
    <Filter Include="core">
      <UniqueIdentifier>{cded109b-7fb1-4dee-bad3-6e6cdd8bee56}</UniqueIdentifier>
    </Filter>
    <Filter Include="controls">
      <UniqueIdentifier>{1a11453c-f021-4638-8a3a-8fdfcd1d557e}</UniqueIdentifier>
    </Filter>
  </ItemGroup>
  <ItemGroup>
    <Text Include="todo.txt" />
  </ItemGroup>
</Project>